
Microsoft Visual Studio Solution File, Format Version 12.00
# Visual Studio Version 17
VisualStudioVersion = 17.0.31903.59
MinimumVisualStudioVersion = 10.0.40219.1
Project("{2150E333-8FDC-42A3-9474-1A3956D46DE8}") = "backend", "backend", "{E80DB36E-E0D2-4B21-BA23-C0803BAD75FB}"
EndProject
Project("{FAE04EC0-301F-11D3-BF4B-00C04F79EFBC}") = "Perquacky.Api", "backend\Perquacky.Api\Perquacky.Api.csproj", "{55598CA0-E59A-4848-A6D7-2DCF352E45D2}"
EndProject
Global
	GlobalSection(SolutionConfigurationPlatforms) = preSolution
		Debug|Any CPU = Debug|Any CPU
		Release|Any CPU = Release|Any CPU
	EndGlobalSection
	GlobalSection(SolutionProperties) = preSolution
		HideSolutionNode = FALSE
	EndGlobalSection
	GlobalSection(ProjectConfigurationPlatforms) = postSolution
		{55598CA0-E59A-4848-A6D7-2DCF352E45D2}.Debug|Any CPU.ActiveCfg = Debug|Any CPU
		{55598CA0-E59A-4848-A6D7-2DCF352E45D2}.Debug|Any CPU.Build.0 = Debug|Any CPU
		{55598CA0-E59A-4848-A6D7-2DCF352E45D2}.Release|Any CPU.ActiveCfg = Release|Any CPU
		{55598CA0-E59A-4848-A6D7-2DCF352E45D2}.Release|Any CPU.Build.0 = Release|Any CPU
	EndGlobalSection
	GlobalSection(NestedProjects) = preSolution
		{55598CA0-E59A-4848-A6D7-2DCF352E45D2} = {E80DB36E-E0D2-4B21-BA23-C0803BAD75FB}
	EndGlobalSection
EndGlobal
